{
  "name": "name-app",
  "version": "1.0.0",
  "lockfileVersion": 3,
  "requires": true,
  "packages": {
    "": {
      "name": "name-app",
      "version": "1.0.0",
      "license": "ISC",
      "dependencies": {
        "name-app": "file:"
      }
    },
    "node_modules/name-app": {
      "resolved": "",
      "link": true
    }
  }
}
